
Microsoft Visual Studio Solution File, Format Version 12.00
# Visual Studio Version 17
VisualStudioVersion = 17.3.32929.385
MinimumVisualStudioVersion = 10.0.40219.1
Project("{FAE04EC0-301F-11D3-BF4B-00C04F79EFBC}") = "GOLESTAN_PROJECT", "GOLESTAN_PROJECT\GOLESTAN_PROJECT.csproj", "{D4C1C919-3C89-4EB6-A6B6-8187A9D6BF0D}"
EndProject
Global
	GlobalSection(SolutionConfigurationPlatforms) = preSolution
		Debug|Any CPU = Debug|Any CPU
		Release|Any CPU = Release|Any CPU
	EndGlobalSection
	GlobalSection(ProjectConfigurationPlatforms) = postSolution
		{D4C1C919-3C89-4EB6-A6B6-8187A9D6BF0D}.Debug|Any CPU.ActiveCfg = Debug|Any CPU
		{D4C1C919-3C89-4EB6-A6B6-8187A9D6BF0D}.Debug|Any CPU.Build.0 = Debug|Any CPU
		{D4C1C919-3C89-4EB6-A6B6-8187A9D6BF0D}.Release|Any CPU.ActiveCfg = Release|Any CPU
		{D4C1C919-3C89-4EB6-A6B6-8187A9D6BF0D}.Release|Any CPU.Build.0 = Release|Any CPU
	EndGlobalSection
	GlobalSection(SolutionProperties) = preSolution
		HideSolutionNode = FALSE
	EndGlobalSection
	GlobalSection(ExtensibilityGlobals) = postSolution
		SolutionGuid = {4DE8C6AB-C60F-48F0-9307-2AFB132BD70B}
	EndGlobalSection
EndGlobal
